[root]
name = "todo-backend-rust-iron"
version = "0.0.1"
dependencies = [
 "iron 0.0.0 (git+https://github.com/iron/iron.git#663da279cfb563d81fa120c17d72fdfadeb79e25)",
 "logger 0.1.0 (git+https://github.com/iron/logger.git#0d01736238a76988dcdb9c64dbfa87882037efa1)",
 "persistent 0.1.0 (git+https://github.com/duelinmarkers/persistent.git?ref=work-with-typemap#f32d5d2bd2f89f9db103523c791b731b932bc458)",
 "router 0.1.0 (git+https://github.com/duelinmarkers/router.git?ref=work-with-typemap-req-extensions#9a746b072523a5af180c5ffb6ead165388f1e4dc)",
 "uuid 0.0.1 (git+https://github.com/rust-lang/uuid.git#03033bb0b3205b02add7f9db958efb2981fc51dd)",
]

[[package]]
name = "content-type"
version = "0.1.0"
source = "git+https://github.com/reem/rust-http-content-type.git#3a1eb53f9aaf1fe3380f58f264c3f7c8ced2805e"
dependencies = [
 "http 0.1.0-pre (git+https://github.com/chris-morgan/rust-http.git#b7f2fe742c01cb19a7d2873d9b96e005fcdc648c)",
]

[[package]]
name = "encoding"
version = "0.1.0"
source = "git+https://github.com/lifthrasiir/rust-encoding#a55053869726dc7b67560e5f25d18105ac316001"

[[package]]
name = "http"
version = "0.1.0-pre"
source = "git+https://github.com/chris-morgan/rust-http.git#b7f2fe742c01cb19a7d2873d9b96e005fcdc648c"
dependencies = [
 "openssl 0.0.0 (git+https://github.com/sfackler/rust-openssl.git#07f12370d3644673e8811f93485cddccead22590)",
 "url 0.1.0 (git+https://github.com/servo/rust-url#637a57a8347d9011e2304d51e4ecb8e3883d6434)",
]

[[package]]
name = "iron"
version = "0.0.0"
source = "git+https://github.com/iron/iron.git#663da279cfb563d81fa120c17d72fdfadeb79e25"
dependencies = [
 "content-type 0.1.0 (git+https://github.com/reem/rust-http-content-type.git#3a1eb53f9aaf1fe3380f58f264c3f7c8ced2805e)",
 "http 0.1.0-pre (git+https://github.com/chris-morgan/rust-http.git#b7f2fe742c01cb19a7d2873d9b96e005fcdc648c)",
 "plugin 0.0.0 (git+https://github.com/reem/rust-plugin.git#3f2a70b1d63b858858053bb89746f8e5726119a8)",
 "typemap 0.0.0 (git+https://github.com/reem/rust-typemap.git#29b2a4c592d4d56fc493c679395337f974e363dd)",
 "url 0.1.0 (git+https://github.com/servo/rust-url#637a57a8347d9011e2304d51e4ecb8e3883d6434)",
]

[[package]]
name = "logger"
version = "0.1.0"
source = "git+https://github.com/iron/logger.git#0d01736238a76988dcdb9c64dbfa87882037efa1"
dependencies = [
 "http 0.1.0-pre (git+https://github.com/chris-morgan/rust-http.git#b7f2fe742c01cb19a7d2873d9b96e005fcdc648c)",
 "iron 0.0.0 (git+https://github.com/iron/iron.git#663da279cfb563d81fa120c17d72fdfadeb79e25)",
]

[[package]]
name = "openssl"
version = "0.0.0"
source = "git+https://github.com/sfackler/rust-openssl.git#07f12370d3644673e8811f93485cddccead22590"

[[package]]
name = "persistent"
version = "0.1.0"
source = "git+https://github.com/duelinmarkers/persistent.git?ref=work-with-typemap#f32d5d2bd2f89f9db103523c791b731b932bc458"
dependencies = [
 "iron 0.0.0 (git+https://github.com/iron/iron.git#663da279cfb563d81fa120c17d72fdfadeb79e25)",
]

[[package]]
name = "phantom"
version = "0.0.0"
source = "git+https://github.com/reem/rust-phantom.git#deb5acfed56d485bcb2d498da51477a12cb081c3"

[[package]]
name = "plugin"
version = "0.0.0"
source = "git+https://github.com/reem/rust-plugin.git#3f2a70b1d63b858858053bb89746f8e5726119a8"
dependencies = [
 "phantom 0.0.0 (git+https://github.com/reem/rust-phantom.git#deb5acfed56d485bcb2d498da51477a12cb081c3)",
 "typemap 0.0.0 (git+https://github.com/reem/rust-typemap.git#29b2a4c592d4d56fc493c679395337f974e363dd)",
]

[[package]]
name = "route-recognizer"
version = "0.1.0"
source = "git+https://github.com/conduit-rust/route-recognizer.rs.git#a7eee8dfd8c2cd02b1b650e4470a9a0b4bc306ee"

[[package]]
name = "router"
version = "0.1.0"
source = "git+https://github.com/duelinmarkers/router.git?ref=work-with-typemap-req-extensions#9a746b072523a5af180c5ffb6ead165388f1e4dc"
dependencies = [
 "http 0.1.0-pre (git+https://github.com/chris-morgan/rust-http.git#b7f2fe742c01cb19a7d2873d9b96e005fcdc648c)",
 "iron 0.0.0 (git+https://github.com/iron/iron.git#663da279cfb563d81fa120c17d72fdfadeb79e25)",
 "route-recognizer 0.1.0 (git+https://github.com/conduit-rust/route-recognizer.rs.git#a7eee8dfd8c2cd02b1b650e4470a9a0b4bc306ee)",
]

[[package]]
name = "typemap"
version = "0.0.0"
source = "git+https://github.com/reem/rust-typemap.git#29b2a4c592d4d56fc493c679395337f974e363dd"
dependencies = [
 "phantom 0.0.0 (git+https://github.com/reem/rust-phantom.git#deb5acfed56d485bcb2d498da51477a12cb081c3)",
]

[[package]]
name = "url"
version = "0.1.0"
source = "git+https://github.com/servo/rust-url#637a57a8347d9011e2304d51e4ecb8e3883d6434"
dependencies = [
 "encoding 0.1.0 (git+https://github.com/lifthrasiir/rust-encoding#a55053869726dc7b67560e5f25d18105ac316001)",
]

[[package]]
name = "uuid"
version = "0.0.1"
source = "git+https://github.com/rust-lang/uuid.git#03033bb0b3205b02add7f9db958efb2981fc51dd"

